{
  "name": "realm-object-server-graphql-client",
  "version": "0.0.1",
  "lockfileVersion": 1,
  "requires": true,
  "dependencies": {
    "@types/async": {
      "version": "2.0.45",
      "resolved": "https://registry.npmjs.org/@types/async/-/async-2.0.45.tgz",
      "integrity": "sha512-Gul4iUqYqrQQypJpwjqR24dcgJAAjvwncznGBGrINmcz73eHLWkmE8/YGAo4Dr0ADKBCBlkA+f58plzFIh6XAA==",
      "optional": true
    },
    "@types/zen-observable": {
      "version": "0.5.3",
      "resolved": "https://registry.npmjs.org/@types/zen-observable/-/zen-observable-0.5.3.tgz",
      "integrity": "sha512-aDvGDAHcVfUqNmd8q4//cHAP+HGxsbChbBbuk3+kMVk5TTxfWLpQWvVN3+UPjohLnwMYN7jr6BWNn2cYNqdm7g=="
    },
    "ansi-styles": {
      "version": "3.2.0",
      "resolved": "https://registry.npmjs.org/ansi-styles/-/ansi-styles-3.2.0.tgz",
      "integrity": "sha512-NnSOmMEYtVR2JVMIGTzynRkkaxtiq1xnFBcdQD/DnNCYPoEPsVJhM98BDyaoNOQIi7p4okdi3E27eN7GQbsUug==",
      "dev": true,
      "requires": {
        "color-convert": "1.9.0"
      }
    },
    "apollo-cache": {
      "version": "1.0.2",
      "resolved": "https://registry.npmjs.org/apollo-cache/-/apollo-cache-1.0.2.tgz",
      "integrity": "sha512-VolOQhSlS9LNjAJP2QjEw0c8dDBZ47rqbeu/ygA3DabCdY/cTGOeybpBHmFePHA7ZzOE6+2EPxIhGmTRIZhS7A==",
      "requires": {
        "apollo-utilities": "1.0.3"
      }
    },
    "apollo-cache-inmemory": {
      "version": "1.1.2",
      "resolved": "https://registry.npmjs.org/apollo-cache-inmemory/-/apollo-cache-inmemory-1.1.2.tgz",
      "integrity": "sha512-1yKyiphcO5c1rjnf7Wtnmq8lMb0yHafN1japwolfqdcfTzxW+zXntV8SlYHrULZxVPQE9K0q4/2gX03q7NeUtQ==",
      "requires": {
        "apollo-cache": "1.0.2",
        "apollo-utilities": "1.0.3",
        "graphql-anywhere": "4.0.2"
      }
    },
    "apollo-client": {
      "version": "2.1.0",
      "resolved": "https://registry.npmjs.org/apollo-client/-/apollo-client-2.1.0.tgz",
      "integrity": "sha512-rl1JWZrztCn+4LqoAoCr8doD1ekLyhqWf/j3cQ/LKp9FbAOrA4s/G9NceAqNH/kqKS9dBNraq5+hIEO39CTirw==",
      "requires": {
        "@types/async": "2.0.45",
        "@types/zen-observable": "0.5.3",
        "apollo-cache": "1.0.2",
        "apollo-link": "1.0.3",
        "apollo-link-dedup": "1.0.3",
        "apollo-utilities": "1.0.3",
        "symbol-observable": "1.1.0",
        "zen-observable": "0.6.0"
      }
    },
    "apollo-client-preset": {
      "version": "1.0.4",
      "resolved": "https://registry.npmjs.org/apollo-client-preset/-/apollo-client-preset-1.0.4.tgz",
      "integrity": "sha512-Hikb7li5243mUAqlv0oDd95GiDXzbSxMm/UW7gcyQVYKWcRepZFz2gnM5p10gAJw/lDwH7RMoep16IX1WZA/kA==",
      "requires": {
        "apollo-cache-inmemory": "1.1.2",
        "apollo-client": "2.1.0",
        "apollo-link": "1.0.3",
        "apollo-link-http": "1.2.0",
        "graphql-tag": "2.5.0"
      },
      "dependencies": {
        "apollo-link-http": {
          "version": "1.2.0",
          "resolved": "https://registry.npmjs.org/apollo-link-http/-/apollo-link-http-1.2.0.tgz",
          "integrity": "sha512-yuVxqmj+uKhtO2MlE/9j97cKmmtSqfpA74V30EfaosPpXu+O7LDKEZ9ZlFaT7ghcunoYEnZtPuLHRA6AVJ1PnA=="
        }
      }
    },
    "apollo-link": {
      "version": "1.0.3",
      "resolved": "https://registry.npmjs.org/apollo-link/-/apollo-link-1.0.3.tgz",
      "integrity": "sha512-JVFLl+Y5OmwwPqrnf12q9Em85uwSm/QFYR9ZUvFNb1dyv+7IF+9inS6D2m/cVy03O4D32kFzLo8D34D3tY664w==",
      "requires": {
        "@types/zen-observable": "0.5.3",
        "apollo-utilities": "1.0.3",
        "zen-observable": "0.6.0"
      }
    },
    "apollo-link-dedup": {
      "version": "1.0.3",
      "resolved": "https://registry.npmjs.org/apollo-link-dedup/-/apollo-link-dedup-1.0.3.tgz",
      "integrity": "sha512-18hSSN+mICHJHRvc8Depk8ZIQfz4qFubk9Gcfu4bWnNDsfOIU/MWknGcAwHNmE8qhLduoUFRDO7EImkgLbH75g==",
      "requires": {
        "apollo-link": "1.0.5"
      },
      "dependencies": {
        "apollo-link": {
          "version": "1.0.5",
          "resolved": "https://registry.npmjs.org/apollo-link/-/apollo-link-1.0.5.tgz",
          "integrity": "sha512-JiGPOZhrg4ANK9A0TvfL7GGml14w82nTZayxN5ccLnQi0jh82ZNGl5S3085EjJGCAFZ4lMoBalkBMENr9m8xnA==",
          "requires": {
            "@types/zen-observable": "0.5.3",
            "apollo-utilities": "1.0.3",
            "zen-observable": "0.6.0"
          }
        }
      }
    },
    "apollo-link-http": {
      "version": "1.3.0",
      "resolved": "https://registry.npmjs.org/apollo-link-http/-/apollo-link-http-1.3.0.tgz",
      "integrity": "sha512-d4a4BDQckkTYlLBCgw3aw4bL1SLmLn+ebJZcM7hPSatkGrH6lwDposoj6qeYyGrgl/C2zUuRKxFt7cNTVrmUSw==",
      "requires": {
        "apollo-link": "1.0.5"
      },
      "dependencies": {
        "apollo-link": {
          "version": "1.0.5",
          "resolved": "https://registry.npmjs.org/apollo-link/-/apollo-link-1.0.5.tgz",
          "integrity": "sha512-JiGPOZhrg4ANK9A0TvfL7GGml14w82nTZayxN5ccLnQi0jh82ZNGl5S3085EjJGCAFZ4lMoBalkBMENr9m8xnA==",
          "requires": {
            "@types/zen-observable": "0.5.3",
            "apollo-utilities": "1.0.3",
            "zen-observable": "0.6.0"
          }
        }
      }
    },
    "apollo-utilities": {
      "version": "1.0.3",
      "resolved": "https://registry.npmjs.org/apollo-utilities/-/apollo-utilities-1.0.3.tgz",
      "integrity": "sha512-wNKf0GAXfvnmZFYVl1YIzZ6LDSUe+zo4SKd2kbzi7YquNZUuSwJnG1FfEphvfwRRTI2dnpcGZEq26I7uUBrWNw=="
    },
    "arrify": {
      "version": "1.0.1",
      "resolved": "https://registry.npmjs.org/arrify/-/arrify-1.0.1.tgz",
      "integrity": "sha1-iYUI2iIm84DfkEcoRWhJwVAaSw0=",
      "dev": true
    },
    "chalk": {
      "version": "2.1.0",
      "resolved": "https://registry.npmjs.org/chalk/-/chalk-2.1.0.tgz",
      "integrity": "sha512-LUHGS/dge4ujbXMJrnihYMcL4AoOweGnw9Tp3kQuqy1Kx5c1qKjqvMJZ6nVJPMWJtKCTN72ZogH3oeSO9g9rXQ==",
      "dev": true,
      "requires": {
        "ansi-styles": "3.2.0",
        "escape-string-regexp": "1.0.5",
        "supports-color": "4.2.1"
      }
    },
    "color-convert": {
      "version": "1.9.0",
      "resolved": "https://registry.npmjs.org/color-convert/-/color-convert-1.9.0.tgz",
      "integrity": "sha1-Gsz5fdc5uYO/mU1W/sj5WFNkG3o=",
      "dev": true,
      "requires": {
        "color-name": "1.1.3"
      }
    },
    "color-name": {
      "version": "1.1.3",
      "resolved": "https://registry.npmjs.org/color-name/-/color-name-1.1.3.tgz",
      "integrity": "sha1-p9BVi9icQveV3UIyj3QIMcpTvCU=",
      "dev": true
    },
    "diff": {
      "version": "3.3.0",
      "resolved": "https://registry.npmjs.org/diff/-/diff-3.3.0.tgz",
      "integrity": "sha512-w0XZubFWn0Adlsapj9EAWX0FqWdO4tz8kc3RiYdWLh4k/V8PTb6i0SMgXt0vRM3zyKnT8tKO7mUlieRQHIjMNg==",
      "dev": true
    },
    "escape-string-regexp": {
      "version": "1.0.5",
      "resolved": "https://registry.npmjs.org/escape-string-regexp/-/escape-string-regexp-1.0.5.tgz",
      "integrity": "sha1-G2HAViGQqN/2rjuyzwIAyhMLhtQ=",
      "dev": true
    },
    "graphql": {
      "version": "0.11.7",
      "resolved": "https://registry.npmjs.org/graphql/-/graphql-0.11.7.tgz",
      "integrity": "sha512-x7uDjyz8Jx+QPbpCFCMQ8lltnQa4p4vSYHx6ADe8rVYRTdsyhCJbvSty5DAsLVmU6cGakl+r8HQYolKHxk/tiw==",
      "requires": {
        "iterall": "1.1.3"
      }
    },
    "graphql-anywhere": {
      "version": "4.0.2",
      "resolved": "https://registry.npmjs.org/graphql-anywhere/-/graphql-anywhere-4.0.2.tgz",
      "integrity": "sha512-nCjKwOKZ52G1ObR1ct9rotuLKvOMun0h14SRwMvq37rh3uuTQBilXPk5xr9nM2yQhR0cUjikmDkM8uD4Msgoqg==",
      "requires": {
        "apollo-utilities": "1.0.3"
      }
    },
    "graphql-tag": {
      "version": "2.5.0",
      "resolved": "https://registry.npmjs.org/graphql-tag/-/graphql-tag-2.5.0.tgz",
      "integrity": "sha1-tDv9i1urzSwgWtaAwD6YsjiTTg8="
    },
    "has-flag": {
      "version": "2.0.0",
      "resolved": "https://registry.npmjs.org/has-flag/-/has-flag-2.0.0.tgz",
      "integrity": "sha1-6CB68cx7MNRGzHC3NLXovhj4jVE=",
      "dev": true
    },
    "iterall": {
      "version": "1.1.3",
      "resolved": "https://registry.npmjs.org/iterall/-/iterall-1.1.3.tgz",
      "integrity": "sha512-Cu/kb+4HiNSejAPhSaN1VukdNTTi/r4/e+yykqjlG/IW+1gZH5b4+Bq3whDX4tvbYugta3r8KTMUiqT3fIGxuQ=="
    },
    "make-error": {
      "version": "1.3.0",
      "resolved": "https://registry.npmjs.org/make-error/-/make-error-1.3.0.tgz",
      "integrity": "sha1-Uq06M5zPEM5itAQLcI/nByRLi5Y=",
      "dev": true
    },
    "source-map": {
      "version": "0.5.6",
      "resolved": "https://registry.npmjs.org/source-map/-/source-map-0.5.6.tgz",
      "integrity": "sha1-dc449SvwczxafwwRjYEzSiu19BI=",
      "dev": true
    },
    "source-map-support": {
      "version": "0.4.16",
      "resolved": "https://registry.npmjs.org/source-map-support/-/source-map-support-0.4.16.tgz",
      "integrity": "sha512-A6vlydY7H/ljr4L2UOhDSajQdZQ6dMD7cLH0pzwcmwLyc9u8PNI4WGtnfDDzX7uzGL6c/T+ORL97Zlh+S4iOrg==",
      "dev": true,
      "requires": {
        "source-map": "0.5.6"
      }
    },
    "strip-bom": {
      "version": "3.0.0",
      "resolved": "https://registry.npmjs.org/strip-bom/-/strip-bom-3.0.0.tgz",
      "integrity": "sha1-IzTBjpx1n3vdVv3vfprj1YjmjtM=",
      "dev": true
    },
    "strip-json-comments": {
      "version": "2.0.1",
      "resolved": "https://registry.npmjs.org/strip-json-comments/-/strip-json-comments-2.0.1.tgz",
      "integrity": "sha1-PFMZQukIwml8DsNEhYwobHygpgo=",
      "dev": true
    },
    "supports-color": {
      "version": "4.2.1",
      "resolved": "https://registry.npmjs.org/supports-color/-/supports-color-4.2.1.tgz",
      "integrity": "sha512-qxzYsob3yv6U+xMzPrv170y8AwGP7i74g+pbixCfD6rgso8BscLT2qXIuz6TpOaiJZ3mFgT5O9lyT9nMU4LfaA==",
      "dev": true,
      "requires": {
        "has-flag": "2.0.0"
      }
    },
    "symbol-observable": {
      "version": "1.1.0",
      "resolved": "https://registry.npmjs.org/symbol-observable/-/symbol-observable-1.1.0.tgz",
      "integrity": "sha512-dQoid9tqQ+uotGhuTKEY11X4xhyYePVnqGSoSm3OGKh2E8LZ6RPULp1uXTctk33IeERlrRJYoVSBglsL05F5Uw=="
    },
    "ts-node": {
      "version": "3.3.0",
      "resolved": "https://registry.npmjs.org/ts-node/-/ts-node-3.3.0.tgz",
      "integrity": "sha1-wTxqMCTjC+EYDdUwOPwgkonUv2k=",
      "dev": true,
      "requires": {
        "arrify": "1.0.1",
        "chalk": "2.1.0",
        "diff": "3.3.0",
        "make-error": "1.3.0",
        "minimist": "1.2.0",
        "mkdirp": "0.5.1",
        "source-map-support": "0.4.16",
        "tsconfig": "6.0.0",
        "v8flags": "3.0.0",
        "yn": "2.0.0"
      },
      "dependencies": {
        "minimist": {
          "version": "1.2.0",
          "resolved": "https://registry.npmjs.org/minimist/-/minimist-1.2.0.tgz",
          "integrity": "sha1-o1AIsg9BOD7sH7kU9M1d95omQoQ=",
          "dev": true
        },
        "mkdirp": {
          "version": "0.5.1",
          "resolved": "https://registry.npmjs.org/mkdirp/-/mkdirp-0.5.1.tgz",
          "integrity": "sha1-MAV0OOrGz3+MR2fzhkjWaX11yQM=",
          "dev": true,
          "requires": {
            "minimist": "0.0.8"
          },
          "dependencies": {
            "minimist": {
              "version": "0.0.8",
              "resolved": "https://registry.npmjs.org/minimist/-/minimist-0.0.8.tgz",
              "integrity": "sha1-hX/Kv8M5fSYluCKCYuhqp6ARsF0=",
              "dev": true
            }
          }
        }
      }
    },
    "tsconfig": {
      "version": "6.0.0",
      "resolved": "https://registry.npmjs.org/tsconfig/-/tsconfig-6.0.0.tgz",
      "integrity": "sha1-aw6DdgA9evGGT434+J3QBZ/80DI=",
      "dev": true,
      "requires": {
        "strip-bom": "3.0.0",
        "strip-json-comments": "2.0.1"
      }
    },
    "user-home": {
      "version": "1.1.1",
      "resolved": "https://registry.npmjs.org/user-home/-/user-home-1.1.1.tgz",
      "integrity": "sha1-K1viOjK2Onyd640PKNSFcko98ZA=",
      "dev": true
    },
    "v8flags": {
      "version": "3.0.0",
      "resolved": "https://registry.npmjs.org/v8flags/-/v8flags-3.0.0.tgz",
      "integrity": "sha512-AGl+C+4qpeSu2g3JxCD/mGFFOs/vVZ3XREkD3ibQXEqr4Y4zgIrPWW124/IKJFHOIVFIoH8miWrLf0o84HYjwA==",
      "dev": true,
      "requires": {
        "user-home": "1.1.1"
      }
    },
    "yn": {
      "version": "2.0.0",
      "resolved": "https://registry.npmjs.org/yn/-/yn-2.0.0.tgz",
      "integrity": "sha1-5a2ryKz0CPY4X8dklWhMiOavaJo=",
      "dev": true
    },
    "zen-observable": {
      "version": "0.6.0",
      "resolved": "https://registry.npmjs.org/zen-observable/-/zen-observable-0.6.0.tgz",
      "integrity": "sha512-G5v4eFZ1+qJC9U3iyldcc7OLsYfFf6/+/vywU3acbq0qq1PdFXsyfqtOUaQSTwhdbejO7AQWil3GzHxYlMchIg=="
    }
  }
}
